
Microsoft Visual Studio Solution File, Format Version 12.00
# Visual Studio Version 16
VisualStudioVersion = 25.0.1706.13
MinimumVisualStudioVersion = 10.0.40219.1
Project("{2150E333-8FDC-42A3-9474-1A3956D46DE8}") = "ProductSolution", "ProductSolution", "{BF2D3B12-1D45-4120-84C4-817674F99838}"
EndProject
Project("{FAE04EC0-301F-11D3-BF4B-00C04F79EFBC}") = "ProductService.API", "..\banreservaTecnicalTest\banreservaTecnicalTest\ProductService.API.csproj", "{6B47931A-88AC-4E13-950E-8AD2BB92A7BF}"
EndProject
Project("{FAE04EC0-301F-11D3-BF4B-00C04F79EFBC}") = "Infrastructure", "..\banreservaTecnicalTest\banreservaTecnicalTest.Infrastructure\Infrastructure.csproj", "{9A3DBB31-9E9E-495F-8BB0-72CE3971DB85}"
EndProject
Project("{FAE04EC0-301F-11D3-BF4B-00C04F79EFBC}") = "DomainLayer", "..\banreservaTecnicalTest\banreservaTecnicalTest.Library\DomainLayer.csproj", "{EEB53116-5DD5-4649-865F-EC2CA640C9C7}"
EndProject
Project("{2150E333-8FDC-42A3-9474-1A3956D46DE8}") = "SharedLibrary", "SharedLibrary", "{9DEAC5E0-AC83-4ACC-AFC7-ACE7D07D5D02}"
EndProject
Project("{FAE04EC0-301F-11D3-BF4B-00C04F79EFBC}") = "SharedItems", "Events\SharedItems\SharedItems.csproj", "{12C242A2-5C65-4EAB-95A5-A85817D61800}"
EndProject
Project("{2150E333-8FDC-42A3-9474-1A3956D46DE8}") = "InventorySolution", "InventorySolution", "{11B51F5A-A529-4C78-A243-7E6FE73C2190}"
EndProject
Project("{FAE04EC0-301F-11D3-BF4B-00C04F79EFBC}") = "InventoryService.API", "InventoryService.API\InventoryService.API.csproj", "{52F8E1A7-4482-461E-994F-0F44A9C76C61}"
EndProject
Project("{2150E333-8FDC-42A3-9474-1A3956D46DE8}") = "SecuritySolution", "SecuritySolution", "{B531B8E1-F59D-47BF-9F5D-6396504C8DF4}"
EndProject
Project("{FAE04EC0-301F-11D3-BF4B-00C04F79EFBC}") = "SecurityInfrastructure", "SecurityDomain\SecurityInfrastructure\SecurityInfrastructure.csproj", "{CDB86D92-6A26-4548-98DF-5204BF836A1F}"
EndProject
Project("{FAE04EC0-301F-11D3-BF4B-00C04F79EFBC}") = "SecurityAPI", "SecurityDomain\SecurityAPI\SecurityAPI.csproj", "{D4DBBE28-16B3-4AFC-A41C-456860A7398B}"
EndProject
Project("{FAE04EC0-301F-11D3-BF4B-00C04F79EFBC}") = "SecurityDomain", "SecurityDomain\SecurityDomain\SecurityDomain.csproj", "{EDA4678D-EBBD-46DE-A534-7E5D25BD02DB}"
EndProject
Global
	GlobalSection(SolutionConfigurationPlatforms) = preSolution
		Debug|Any CPU = Debug|Any CPU
		Release|Any CPU = Release|Any CPU
	EndGlobalSection
	GlobalSection(ProjectConfigurationPlatforms) = postSolution
		{6B47931A-88AC-4E13-950E-8AD2BB92A7BF}.Debug|Any CPU.ActiveCfg = Debug|Any CPU
		{6B47931A-88AC-4E13-950E-8AD2BB92A7BF}.Debug|Any CPU.Build.0 = Debug|Any CPU
		{6B47931A-88AC-4E13-950E-8AD2BB92A7BF}.Release|Any CPU.ActiveCfg = Release|Any CPU
		{6B47931A-88AC-4E13-950E-8AD2BB92A7BF}.Release|Any CPU.Build.0 = Release|Any CPU
		{9A3DBB31-9E9E-495F-8BB0-72CE3971DB85}.Debug|Any CPU.ActiveCfg = Debug|Any CPU
		{9A3DBB31-9E9E-495F-8BB0-72CE3971DB85}.Debug|Any CPU.Build.0 = Debug|Any CPU
		{9A3DBB31-9E9E-495F-8BB0-72CE3971DB85}.Release|Any CPU.ActiveCfg = Release|Any CPU
		{9A3DBB31-9E9E-495F-8BB0-72CE3971DB85}.Release|Any CPU.Build.0 = Release|Any CPU
		{EEB53116-5DD5-4649-865F-EC2CA640C9C7}.Debug|Any CPU.ActiveCfg = Debug|Any CPU
		{EEB53116-5DD5-4649-865F-EC2CA640C9C7}.Debug|Any CPU.Build.0 = Debug|Any CPU
		{EEB53116-5DD5-4649-865F-EC2CA640C9C7}.Release|Any CPU.ActiveCfg = Release|Any CPU
		{EEB53116-5DD5-4649-865F-EC2CA640C9C7}.Release|Any CPU.Build.0 = Release|Any CPU
		{12C242A2-5C65-4EAB-95A5-A85817D61800}.Debug|Any CPU.ActiveCfg = Debug|Any CPU
		{12C242A2-5C65-4EAB-95A5-A85817D61800}.Debug|Any CPU.Build.0 = Debug|Any CPU
		{12C242A2-5C65-4EAB-95A5-A85817D61800}.Release|Any CPU.ActiveCfg = Release|Any CPU
		{12C242A2-5C65-4EAB-95A5-A85817D61800}.Release|Any CPU.Build.0 = Release|Any CPU
		{52F8E1A7-4482-461E-994F-0F44A9C76C61}.Debug|Any CPU.ActiveCfg = Debug|Any CPU
		{52F8E1A7-4482-461E-994F-0F44A9C76C61}.Debug|Any CPU.Build.0 = Debug|Any CPU
		{52F8E1A7-4482-461E-994F-0F44A9C76C61}.Release|Any CPU.ActiveCfg = Release|Any CPU
		{52F8E1A7-4482-461E-994F-0F44A9C76C61}.Release|Any CPU.Build.0 = Release|Any CPU
		{CDB86D92-6A26-4548-98DF-5204BF836A1F}.Debug|Any CPU.ActiveCfg = Debug|Any CPU
		{CDB86D92-6A26-4548-98DF-5204BF836A1F}.Debug|Any CPU.Build.0 = Debug|Any CPU
		{CDB86D92-6A26-4548-98DF-5204BF836A1F}.Release|Any CPU.ActiveCfg = Release|Any CPU
		{CDB86D92-6A26-4548-98DF-5204BF836A1F}.Release|Any CPU.Build.0 = Release|Any CPU
		{D4DBBE28-16B3-4AFC-A41C-456860A7398B}.Debug|Any CPU.ActiveCfg = Debug|Any CPU
		{D4DBBE28-16B3-4AFC-A41C-456860A7398B}.Debug|Any CPU.Build.0 = Debug|Any CPU
		{D4DBBE28-16B3-4AFC-A41C-456860A7398B}.Release|Any CPU.ActiveCfg = Release|Any CPU
		{D4DBBE28-16B3-4AFC-A41C-456860A7398B}.Release|Any CPU.Build.0 = Release|Any CPU
		{EDA4678D-EBBD-46DE-A534-7E5D25BD02DB}.Debug|Any CPU.ActiveCfg = Debug|Any CPU
		{EDA4678D-EBBD-46DE-A534-7E5D25BD02DB}.Debug|Any CPU.Build.0 = Debug|Any CPU
		{EDA4678D-EBBD-46DE-A534-7E5D25BD02DB}.Release|Any CPU.ActiveCfg = Release|Any CPU
		{EDA4678D-EBBD-46DE-A534-7E5D25BD02DB}.Release|Any CPU.Build.0 = Release|Any CPU
	EndGlobalSection
	GlobalSection(SolutionProperties) = preSolution
		HideSolutionNode = FALSE
	EndGlobalSection
	GlobalSection(ExtensibilityGlobals) = postSolution
		SolutionGuid = {55A578CD-91D7-4EFE-BBED-34B7A2BBAC94}
	EndGlobalSection
	GlobalSection(NestedProjects) = preSolution
		{6B47931A-88AC-4E13-950E-8AD2BB92A7BF} = {BF2D3B12-1D45-4120-84C4-817674F99838}
		{9A3DBB31-9E9E-495F-8BB0-72CE3971DB85} = {9DEAC5E0-AC83-4ACC-AFC7-ACE7D07D5D02}
		{EEB53116-5DD5-4649-865F-EC2CA640C9C7} = {9DEAC5E0-AC83-4ACC-AFC7-ACE7D07D5D02}
		{12C242A2-5C65-4EAB-95A5-A85817D61800} = {9DEAC5E0-AC83-4ACC-AFC7-ACE7D07D5D02}
		{52F8E1A7-4482-461E-994F-0F44A9C76C61} = {11B51F5A-A529-4C78-A243-7E6FE73C2190}
		{CDB86D92-6A26-4548-98DF-5204BF836A1F} = {B531B8E1-F59D-47BF-9F5D-6396504C8DF4}
		{D4DBBE28-16B3-4AFC-A41C-456860A7398B} = {B531B8E1-F59D-47BF-9F5D-6396504C8DF4}
		{EDA4678D-EBBD-46DE-A534-7E5D25BD02DB} = {B531B8E1-F59D-47BF-9F5D-6396504C8DF4}
	EndGlobalSection
EndGlobal
