
Microsoft Visual Studio Solution File, Format Version 12.00
# Visual Studio Version 16
VisualStudioVersion = 25.0.1706.13
MinimumVisualStudioVersion = 10.0.40219.1
Project("{FAE04EC0-301F-11D3-BF4B-00C04F79EFBC}") = "banreservaTecnicalTest", "banreservaTecnicalTest\banreservaTecnicalTest.csproj", "{3B275E81-4AFB-4B8A-803D-2CE184F5D294}"
EndProject
Project("{FAE04EC0-301F-11D3-BF4B-00C04F79EFBC}") = "banreservaTecnicalTest.Library", "banreservaTecnicalTest.Library\banreservaTecnicalTest.Library.csproj", "{637C6FB5-9D2A-4379-BB6F-9433E8093921}"
EndProject
Project("{FAE04EC0-301F-11D3-BF4B-00C04F79EFBC}") = "banreservaTecnicalTest.Infrastructure", "banreservaTecnicalTest.Infrastructure\banreservaTecnicalTest.Infrastructure.csproj", "{8DC8D962-29E8-42B4-8ED7-5D928A23CFD0}"
EndProject
Global
	GlobalSection(SolutionConfigurationPlatforms) = preSolution
		Debug|Any CPU = Debug|Any CPU
		Release|Any CPU = Release|Any CPU
	EndGlobalSection
	GlobalSection(ProjectConfigurationPlatforms) = postSolution
		{3B275E81-4AFB-4B8A-803D-2CE184F5D294}.Debug|Any CPU.ActiveCfg = Debug|Any CPU
		{3B275E81-4AFB-4B8A-803D-2CE184F5D294}.Debug|Any CPU.Build.0 = Debug|Any CPU
		{3B275E81-4AFB-4B8A-803D-2CE184F5D294}.Release|Any CPU.ActiveCfg = Release|Any CPU
		{3B275E81-4AFB-4B8A-803D-2CE184F5D294}.Release|Any CPU.Build.0 = Release|Any CPU
		{637C6FB5-9D2A-4379-BB6F-9433E8093921}.Debug|Any CPU.ActiveCfg = Debug|Any CPU
		{637C6FB5-9D2A-4379-BB6F-9433E8093921}.Debug|Any CPU.Build.0 = Debug|Any CPU
		{637C6FB5-9D2A-4379-BB6F-9433E8093921}.Release|Any CPU.ActiveCfg = Release|Any CPU
		{637C6FB5-9D2A-4379-BB6F-9433E8093921}.Release|Any CPU.Build.0 = Release|Any CPU
		{8DC8D962-29E8-42B4-8ED7-5D928A23CFD0}.Debug|Any CPU.ActiveCfg = Debug|Any CPU
		{8DC8D962-29E8-42B4-8ED7-5D928A23CFD0}.Debug|Any CPU.Build.0 = Debug|Any CPU
		{8DC8D962-29E8-42B4-8ED7-5D928A23CFD0}.Release|Any CPU.ActiveCfg = Release|Any CPU
		{8DC8D962-29E8-42B4-8ED7-5D928A23CFD0}.Release|Any CPU.Build.0 = Release|Any CPU
	EndGlobalSection
	GlobalSection(SolutionProperties) = preSolution
		HideSolutionNode = FALSE
	EndGlobalSection
	GlobalSection(ExtensibilityGlobals) = postSolution
		SolutionGuid = {BC6FEA1F-FBCE-4F00-A987-E1302BA3BB3D}
	EndGlobalSection
EndGlobal
